
Microsoft Visual Studio Solution File, Format Version 12.00
# Visual Studio Version 17
VisualStudioVersion = 17.5.002.0
MinimumVisualStudioVersion = 10.0.40219.1
Project("{9A19103F-16F7-4668-BE54-9A1E7A4F7556}") = "mvc-etc", "mvc-etc.csproj", "{A70EF1BA-793D-4CDC-B7A5-261E2E822C8F}"
EndProject
Global
	GlobalSection(SolutionConfigurationPlatforms) = preSolution
		Debug|Any CPU = Debug|Any CPU
		Release|Any CPU = Release|Any CPU
	EndGlobalSection
	GlobalSection(ProjectConfigurationPlatforms) = postSolution
		{A70EF1BA-793D-4CDC-B7A5-261E2E822C8F}.Debug|Any CPU.ActiveCfg = Debug|Any CPU
		{A70EF1BA-793D-4CDC-B7A5-261E2E822C8F}.Debug|Any CPU.Build.0 = Debug|Any CPU
		{A70EF1BA-793D-4CDC-B7A5-261E2E822C8F}.Release|Any CPU.ActiveCfg = Release|Any CPU
		{A70EF1BA-793D-4CDC-B7A5-261E2E822C8F}.Release|Any CPU.Build.0 = Release|Any CPU
	EndGlobalSection
	GlobalSection(SolutionProperties) = preSolution
		HideSolutionNode = FALSE
	EndGlobalSection
	GlobalSection(ExtensibilityGlobals) = postSolution
		SolutionGuid = {B6323500-03DE-4C41-BE61-48F6A1F94DFA}
	EndGlobalSection
EndGlobal
